{
  "name": "back-gear-demo",
  "version": "1.0.0",
  "lockfileVersion": 3,
  "requires": true,
  "packages": {
    "": {
      "name": "back-gear-demo",
      "version": "1.0.0",
      "license": "ISC",
      "dependencies": {
        "lucide": "^1.47.0",
        "lucide-static": "^1.47.0"
      }
    },
    "node_modules/lucide": {
      "version": "1.47.0",
      "resolved": "https://registry.npmjs.org/lucide/-/lucide-1.47.0.tgz",
      "integrity": "sha512-gJoVJM5fvpBDGZTvhpJS9IEurz85HbD+wgOlCkXCIw35tHrqTxSdIYUN9sXvs7Aw3NCl67A+nlotNyoU4u7zOQ==",
      "license": "ISC"
    },
    "node_modules/lucide-static": {
      "version": "1.47.0",
      "resolved": "https://registry.npmjs.org/lucide-static/-/lucide-static-1.47.0.tgz",
      "integrity": "sha512-yWIrkdXc688Feq5VjOktsKmV5Ikc7y5Nu3rrdtbr8nWjkJWk8QlnZfVtIak22Af+fNhZ7k4cTJpZo1zmj7X5sA==",
      "license": "ISC"
    }
  }
}
